{
  "pins" : [
    {
      "identity" : "gbserver",
      "kind" : "remoteSourceControl",
      "location" : "https://github.com/michaelj103/gbserver.git",
      "state" : {
        "branch" : "main",
        "revision" : "3523d5b4d58f9e131fc8fd5b52ae0a0eb5de8d6f"
      }
    }
  ],
  "version" : 2
}
