{
  "pins" : [
    {
      "identity" : "gbserver",
      "kind" : "remoteSourceControl",
      "location" : "https://github.com/michaelj103/gbserver.git",
      "state" : {
        "branch" : "main",
        "revision" : "59244b260cdd41cdcedc815cb250cabd19bb842f"
      }
    }
  ],
  "version" : 2
}
