{
  "pins" : [
    {
      "identity" : "gbserver",
      "kind" : "remoteSourceControl",
      "location" : "https://github.com/michaelj103/gbserver.git",
      "state" : {
        "branch" : "main",
        "revision" : "6d995112d85b1a6d7bfe32c217a9ecba80bbfb86"
      }
    }
  ],
  "version" : 2
}
